
Microsoft Visual Studio Solution File, Format Version 12.00
# Visual Studio Version 16
VisualStudioVersion = 16.0.28922.388
MinimumVisualStudioVersion = 10.0.40219.1
Project("{FAE04EC0-301F-11D3-BF4B-00C04F79EFBC}") = "AssignmentA", "Assignment_Draft\AssignmentA.csproj", "{3375E83B-ACC6-46A2-BD75-3C49E34A7C8D}"
EndProject
Global
	GlobalSection(SolutionConfigurationPlatforms) = preSolution
		Debug|Any CPU = Debug|Any CPU
		Release|Any CPU = Release|Any CPU
	EndGlobalSection
	GlobalSection(ProjectConfigurationPlatforms) = postSolution
		{3375E83B-ACC6-46A2-BD75-3C49E34A7C8D}.Debug|Any CPU.ActiveCfg = Debug|Any CPU
		{3375E83B-ACC6-46A2-BD75-3C49E34A7C8D}.Debug|Any CPU.Build.0 = Debug|Any CPU
		{3375E83B-ACC6-46A2-BD75-3C49E34A7C8D}.Release|Any CPU.ActiveCfg = Release|Any CPU
		{3375E83B-ACC6-46A2-BD75-3C49E34A7C8D}.Release|Any CPU.Build.0 = Release|Any CPU
	EndGlobalSection
	GlobalSection(SolutionProperties) = preSolution
		HideSolutionNode = FALSE
	EndGlobalSection
	GlobalSection(ExtensibilityGlobals) = postSolution
		SolutionGuid = {F2FEF670-80E9-4829-AC7C-71FD2877E596}
	EndGlobalSection
EndGlobal
